
Microsoft Visual Studio Solution File, Format Version 12.00
# Visual Studio 14
VisualStudioVersion = 14.0.25420.1
MinimumVisualStudioVersion = 10.0.40219.1
Project("{FAE04EC0-301F-11D3-BF4B-00C04F79EFBC}") = "WalletWebApi", "WalletWebApi\WalletWebApi.csproj", "{73305595-792A-4448-A09E-6755506C61F8}"
EndProject
Project("{FAE04EC0-301F-11D3-BF4B-00C04F79EFBC}") = "WalletWeb", "WalletWeb\WalletWeb.csproj", "{673DA268-B653-4471-AA2E-85E52E1A71FE}"
EndProject
Global
	GlobalSection(SolutionConfigurationPlatforms) = preSolution
		Debug|Any CPU = Debug|Any CPU
		Release|Any CPU = Release|Any CPU
	EndGlobalSection
	GlobalSection(ProjectConfigurationPlatforms) = postSolution
		{73305595-792A-4448-A09E-6755506C61F8}.Debug|Any CPU.ActiveCfg = Debug|Any CPU
		{73305595-792A-4448-A09E-6755506C61F8}.Debug|Any CPU.Build.0 = Debug|Any CPU
		{73305595-792A-4448-A09E-6755506C61F8}.Release|Any CPU.ActiveCfg = Release|Any CPU
		{73305595-792A-4448-A09E-6755506C61F8}.Release|Any CPU.Build.0 = Release|Any CPU
		{673DA268-B653-4471-AA2E-85E52E1A71FE}.Debug|Any CPU.ActiveCfg = Debug|Any CPU
		{673DA268-B653-4471-AA2E-85E52E1A71FE}.Debug|Any CPU.Build.0 = Debug|Any CPU
		{673DA268-B653-4471-AA2E-85E52E1A71FE}.Release|Any CPU.ActiveCfg = Release|Any CPU
		{673DA268-B653-4471-AA2E-85E52E1A71FE}.Release|Any CPU.Build.0 = Release|Any CPU
	EndGlobalSection
	GlobalSection(SolutionProperties) = preSolution
		HideSolutionNode = FALSE
	EndGlobalSection
	GlobalSection(ExtensibilityGlobals) = postSolution
		EnterpriseLibraryConfigurationToolBinariesPathV6 = packages\EnterpriseLibrary.Common.6.0.1304.0\lib\NET45;packages\EnterpriseLibrary.Logging.6.0.1304.0\lib\NET45;packages\EnterpriseLibrary.Data.6.0.1304.0\lib\NET45
	EndGlobalSection
EndGlobal
